<?xml version="1.0" encoding="utf-8"?>
<Project ToolsVersion="4.0" xmlns="http://schemas.microsoft.com/developer/msbuild/2003">
  <ItemGroup>
    <Filter Include="ode">
      <UniqueIdentifier>{bb72ae9b-b27b-4753-92bb-8aa2c02d02d9}</UniqueIdentifier>
    </Filter>
    <Filter Include="ode\projetODE">
      <UniqueIdentifier>{fa0f0d10-bd98-48da-874b-dc675a214326}</UniqueIdentifier>
    </Filter>
    <Filter Include="ode\projetODE\mesh">
      <UniqueIdentifier>{61b41cdf-6c40-4b7c-acd4-7ae4d25c3856}</UniqueIdentifier>
    </Filter>
  </ItemGroup>
  <ItemGroup>
    <ClCompile Include="projetODE.cpp">
      <Filter>ode\projetODE</Filter>
    </ClCompile>
    <ClCompile Include="meshSol.cpp">
      <Filter>ode\projetODE\mesh</Filter>
    </ClCompile>
  </ItemGroup>
  <ItemGroup>
    <ClInclude Include="meshSol.h">
      <Filter>ode\projetODE\mesh</Filter>
    </ClInclude>
    <ClInclude Include="SolModifie.h">
      <Filter>ode\projetODE</Filter>
    </ClInclude>
  </ItemGroup>
</Project>